
Microsoft Visual Studio Solution File, Format Version 12.00
# Visual Studio Version 16
VisualStudioVersion = 16.0.30907.101
MinimumVisualStudioVersion = 10.0.40219.1
Project("{9A19103F-16F7-4668-BE54-9A1E7A4F7556}") = "TaxiBackApi", "TaxiBackApi\TaxiBackApi.csproj", "{DFC119E7-C7D2-4B27-9E85-4F538E426390}"
EndProject
Project("{9A19103F-16F7-4668-BE54-9A1E7A4F7556}") = "TaxiTest", "TaxiTest\TaxiTest.csproj", "{5E5F33E4-1B2B-4DED-8BDA-89EDDDBA1F99}"
EndProject
Project("{FAE04EC0-301F-11D3-BF4B-00C04F79EFBC}") = "ProductManagerApplication", "ProductManagerApplication\ProductManagerApplication.csproj", "{5A0ADBF8-18A4-49BE-A00E-9CE6D84DCD48}"
EndProject
Global
	GlobalSection(SolutionConfigurationPlatforms) = preSolution
		Debug|Any CPU = Debug|Any CPU
		Release|Any CPU = Release|Any CPU
	EndGlobalSection
	GlobalSection(ProjectConfigurationPlatforms) = postSolution
		{DFC119E7-C7D2-4B27-9E85-4F538E426390}.Debug|Any CPU.ActiveCfg = Debug|Any CPU
		{DFC119E7-C7D2-4B27-9E85-4F538E426390}.Debug|Any CPU.Build.0 = Debug|Any CPU
		{DFC119E7-C7D2-4B27-9E85-4F538E426390}.Release|Any CPU.ActiveCfg = Release|Any CPU
		{DFC119E7-C7D2-4B27-9E85-4F538E426390}.Release|Any CPU.Build.0 = Release|Any CPU
		{5E5F33E4-1B2B-4DED-8BDA-89EDDDBA1F99}.Debug|Any CPU.ActiveCfg = Debug|Any CPU
		{5E5F33E4-1B2B-4DED-8BDA-89EDDDBA1F99}.Debug|Any CPU.Build.0 = Debug|Any CPU
		{5E5F33E4-1B2B-4DED-8BDA-89EDDDBA1F99}.Release|Any CPU.ActiveCfg = Release|Any CPU
		{5E5F33E4-1B2B-4DED-8BDA-89EDDDBA1F99}.Release|Any CPU.Build.0 = Release|Any CPU
		{5A0ADBF8-18A4-49BE-A00E-9CE6D84DCD48}.Debug|Any CPU.ActiveCfg = Debug|Any CPU
		{5A0ADBF8-18A4-49BE-A00E-9CE6D84DCD48}.Debug|Any CPU.Build.0 = Debug|Any CPU
		{5A0ADBF8-18A4-49BE-A00E-9CE6D84DCD48}.Release|Any CPU.ActiveCfg = Release|Any CPU
		{5A0ADBF8-18A4-49BE-A00E-9CE6D84DCD48}.Release|Any CPU.Build.0 = Release|Any CPU
	EndGlobalSection
	GlobalSection(SolutionProperties) = preSolution
		HideSolutionNode = FALSE
	EndGlobalSection
	GlobalSection(ExtensibilityGlobals) = postSolution
		SolutionGuid = {61A0BA61-F78F-4C3B-9797-AC92BEA4079C}
	EndGlobalSection
EndGlobal
